
Microsoft Visual Studio Solution File, Format Version 12.00
# Visual Studio Version 16
VisualStudioVersion = 16.0.29025.244
MinimumVisualStudioVersion = 10.0.40219.1
Project("{FAE04EC0-301F-11D3-BF4B-00C04F79EFBC}") = "ProjectManagmentSystemAugust6th", "August6thExercise\ProjectManagmentSystemAugust6th.csproj", "{89DA0C48-4A8E-429C-AAEB-BDBAB0528376}"
EndProject
Global
	GlobalSection(SolutionConfigurationPlatforms) = preSolution
		Debug|Any CPU = Debug|Any CPU
		Release|Any CPU = Release|Any CPU
	EndGlobalSection
	GlobalSection(ProjectConfigurationPlatforms) = postSolution
		{89DA0C48-4A8E-429C-AAEB-BDBAB0528376}.Debug|Any CPU.ActiveCfg = Debug|Any CPU
		{89DA0C48-4A8E-429C-AAEB-BDBAB0528376}.Debug|Any CPU.Build.0 = Debug|Any CPU
		{89DA0C48-4A8E-429C-AAEB-BDBAB0528376}.Release|Any CPU.ActiveCfg = Release|Any CPU
		{89DA0C48-4A8E-429C-AAEB-BDBAB0528376}.Release|Any CPU.Build.0 = Release|Any CPU
	EndGlobalSection
	GlobalSection(SolutionProperties) = preSolution
		HideSolutionNode = FALSE
	EndGlobalSection
	GlobalSection(ExtensibilityGlobals) = postSolution
		SolutionGuid = {6872984A-517F-4447-9EFD-2509855D24B4}
	EndGlobalSection
EndGlobal
